// !$*UTF8*$!
{
	archiveVersion = 1;
	classes = {
	};
	objectVersion = 56;
	objects = {

/* Begin PBXBuildFile section */
		38C385D52B71CE6C008DF5B0 /* BitsoChallengeApp.swift in Sources */ = {isa = PBXBuildFile; fileRef = 38C385D42B71CE6C008DF5B0 /* BitsoChallengeApp.swift */; };
		38C385D72B71CE6C008DF5B0 /* ContentView.swift in Sources */ = {isa = PBXBuildFile; fileRef = 38C385D62B71CE6C008DF5B0 /* ContentView.swift */; };
		38C385D92B71CE6C008DF5B0 /* Item.swift in Sources */ = {isa = PBXBuildFile; fileRef = 38C385D82B71CE6C008DF5B0 /* Item.swift */; };
		38C385DB2B71CE6E008DF5B0 /* Assets.xcassets in Resources */ = {isa = PBXBuildFile; fileRef = 38C385DA2B71CE6E008DF5B0 /* Assets.xcassets */; };
		38C385DE2B71CE6E008DF5B0 /* Preview Assets.xcassets in Resources */ = {isa = PBXBuildFile; fileRef = 38C385DD2B71CE6E008DF5B0 /* Preview Assets.xcassets */; };
		38C385E82B71CE6E008DF5B0 /* BitsoChallengeTests.swift in Sources */ = {isa = PBXBuildFile; fileRef = 38C385E72B71CE6E008DF5B0 /* BitsoChallengeTests.swift */; };
		38C385F22B71CE6E008DF5B0 /* BitsoChallengeUITests.swift in Sources */ = {isa = PBXBuildFile; fileRef = 38C385F12B71CE6E008DF5B0 /* BitsoChallengeUITests.swift */; };
		38C385F42B71CE6E008DF5B0 /* BitsoChallengeUITestsLaunchTests.swift in Sources */ = {isa = PBXBuildFile; fileRef = 38C385F32B71CE6E008DF5B0 /* BitsoChallengeUITestsLaunchTests.swift */; };
/* End PBXBuildFile section */

/* Begin PBXContainerItemProxy section */
		38C385E42B71CE6E008DF5B0 /* PBXContainerItemProxy */ = {
			isa = PBXContainerItemProxy;
			containerPortal = 38C385C92B71CE6C008DF5B0 /* Project object */;
			proxyType = 1;
			remoteGlobalIDString = 38C385D02B71CE6C008DF5B0;
			remoteInfo = BitsoChallenge;
		};
		38C385EE2B71CE6E008DF5B0 /* PBXContainerItemProxy */ = {
			isa = PBXContainerItemProxy;
			containerPortal = 38C385C92B71CE6C008DF5B0 /* Project object */;
			proxyType = 1;
			remoteGlobalIDString = 38C385D02B71CE6C008DF5B0;
			remoteInfo = BitsoChallenge;
		};
/* End PBXContainerItemProxy section */

/* Begin PBXFileReference section */
		38C385D12B71CE6C008DF5B0 /* BitsoChallenge.app */ = {isa = PBXFileReference; explicitFileType = wrapper.application; includeInIndex = 0; path = BitsoChallenge.app; sourceTree = BUILT_PRODUCTS_DIR; };
		38C385D42B71CE6C008DF5B0 /* BitsoChallengeApp.swift */ = {isa = PBXFileReference; lastKnownFileType = sourcecode.swift; path = BitsoChallengeApp.swift; sourceTree = "<group>"; };
		38C385D62B71CE6C008DF5B0 /* ContentView.swift */ = {isa = PBXFileReference; lastKnownFileType = sourcecode.swift; path = ContentView.swift; sourceTree = "<group>"; };
		38C385D82B71CE6C008DF5B0 /* Item.swift */ = {isa = PBXFileReference; lastKnownFileType = sourcecode.swift; path = Item.swift; sourceTree = "<group>"; };
		38C385DA2B71CE6E008DF5B0 /* Assets.xcassets */ = {isa = PBXFileReference; lastKnownFileType = folder.assetcatalog; path = Assets.xcassets; sourceTree = "<group>"; };
		38C385DD2B71CE6E008DF5B0 /* Preview Assets.xcassets */ = {isa = PBXFileReference; lastKnownFileType = folder.assetcatalog; path = "Preview Assets.xcassets"; sourceTree = "<group>"; };
		38C385E32B71CE6E008DF5B0 /* BitsoChallengeTests.xctest */ = {isa = PBXFileReference; explicitFileType = wrapper.cfbundle; includeInIndex = 0; path = BitsoChallengeTests.xctest; sourceTree = BUILT_PRODUCTS_DIR; };
		38C385E72B71CE6E008DF5B0 /* BitsoChallengeTests.swift */ = {isa = PBXFileReference; lastKnownFileType = sourcecode.swift; path = BitsoChallengeTests.swift; sourceTree = "<group>"; };
		38C385ED2B71CE6E008DF5B0 /* BitsoChallengeUITests.xctest */ = {isa = PBXFileReference; explicitFileType = wrapper.cfbundle; includeInIndex = 0; path = BitsoChallengeUITests.xctest; sourceTree = BUILT_PRODUCTS_DIR; };
		38C385F12B71CE6E008DF5B0 /* BitsoChallengeUITests.swift */ = {isa = PBXFileReference; lastKnownFileType = sourcecode.swift; path = BitsoChallengeUITests.swift; sourceTree = "<group>"; };
		38C385F32B71CE6E008DF5B0 /* BitsoChallengeUITestsLaunchTests.swift */ = {isa = PBXFileReference; lastKnownFileType = sourcecode.swift; path = BitsoChallengeUITestsLaunchTests.swift; sourceTree = "<group>"; };
/* End PBXFileReference section */

/* Begin PBXFrameworksBuildPhase section */
		38C385CE2B71CE6C008DF5B0 /* Frameworks */ = {
			isa = PBXFrameworksBuildPhase;
			buildActionMask = 2147483647;
			files = (
			);
			runOnlyForDeploymentPostprocessing = 0;
		};
		38C385E02B71CE6E008DF5B0 /* Frameworks */ = {
			isa = PBXFrameworksBuildPhase;
			buildActionMask = 2147483647;
			files = (
			);
			runOnlyForDeploymentPostprocessing = 0;
		};
		38C385EA2B71CE6E008DF5B0 /* Frameworks */ = {
			isa = PBXFrameworksBuildPhase;
			buildActionMask = 2147483647;
			files = (
			);
			runOnlyForDeploymentPostprocessing = 0;
		};
/* End PBXFrameworksBuildPhase section */

/* Begin PBXGroup section */
		38C385C82B71CE6C008DF5B0 = {
			isa = PBXGroup;
			children = (
				38C385D32B71CE6C008DF5B0 /* BitsoChallenge */,
				38C385E62B71CE6E008DF5B0 /* BitsoChallengeTests */,
				38C385F02B71CE6E008DF5B0 /* BitsoChallengeUITests */,
				38C385D22B71CE6C008DF5B0 /* Products */,
			);
			sourceTree = "<group>";
		};
		38C385D22B71CE6C008DF5B0 /* Products */ = {
			isa = PBXGroup;
			children = (
				38C385D12B71CE6C008DF5B0 /* BitsoChallenge.app */,
				38C385E32B71CE6E008DF5B0 /* BitsoChallengeTests.xctest */,
				38C385ED2B71CE6E008DF5B0 /* BitsoChallengeUITests.xctest */,
			);
			name = Products;
			sourceTree = "<group>";
		};
		38C385D32B71CE6C008DF5B0 /* BitsoChallenge */ = {
			isa = PBXGroup;
			children = (
				38C385D42B71CE6C008DF5B0 /* BitsoChallengeApp.swift */,
				38C385D62B71CE6C008DF5B0 /* ContentView.swift */,
				38C385D82B71CE6C008DF5B0 /* Item.swift */,
				38C385DA2B71CE6E008DF5B0 /* Assets.xcassets */,
				38C385DC2B71CE6E008DF5B0 /* Preview Content */,
			);
			path = BitsoChallenge;
			sourceTree = "<group>";
		};
		38C385DC2B71CE6E008DF5B0 /* Preview Content */ = {
			isa = PBXGroup;
			children = (
				38C385DD2B71CE6E008DF5B0 /* Preview Assets.xcassets */,
			);
			path = "Preview Content";
			sourceTree = "<group>";
		};
		38C385E62B71CE6E008DF5B0 /* BitsoChallengeTests */ = {
			isa = PBXGroup;
			children = (
				38C385E72B71CE6E008DF5B0 /* BitsoChallengeTests.swift */,
			);
			path = BitsoChallengeTests;
			sourceTree = "<group>";
		};
		38C385F02B71CE6E008DF5B0 /* BitsoChallengeUITests */ = {
			isa = PBXGroup;
			children = (
				38C385F12B71CE6E008DF5B0 /* BitsoChallengeUITests.swift */,
				38C385F32B71CE6E008DF5B0 /* BitsoChallengeUITestsLaunchTests.swift */,
			);
			path = BitsoChallengeUITests;
			sourceTree = "<group>";
		};
/* End PBXGroup section */

/* Begin PBXNativeTarget section */
		38C385D02B71CE6C008DF5B0 /* BitsoChallenge */ = {
			isa = PBXNativeTarget;
			buildConfigurationList = 38C385F72B71CE6E008DF5B0 /* Build configuration list for PBXNativeTarget "BitsoChallenge" */;
			buildPhases = (
				38C385CD2B71CE6C008DF5B0 /* Sources */,
				38C385CE2B71CE6C008DF5B0 /* Frameworks */,
				38C385CF2B71CE6C008DF5B0 /* Resources */,
			);
			buildRules = (
			);
			dependencies = (
			);
			name = BitsoChallenge;
			productName = BitsoChallenge;
			productReference = 38C385D12B71CE6C008DF5B0 /* BitsoChallenge.app */;
			productType = "com.apple.product-type.application";
		};
		38C385E22B71CE6E008DF5B0 /* BitsoChallengeTests */ = {
			isa = PBXNativeTarget;
			buildConfigurationList = 38C385FA2B71CE6E008DF5B0 /* Build configuration list for PBXNativeTarget "BitsoChallengeTests" */;
			buildPhases = (
				38C385DF2B71CE6E008DF5B0 /* Sources */,
				38C385E02B71CE6E008DF5B0 /* Frameworks */,
				38C385E12B71CE6E008DF5B0 /* Resources */,
			);
			buildRules = (
			);
			dependencies = (
				38C385E52B71CE6E008DF5B0 /* PBXTargetDependency */,
			);
			name = BitsoChallengeTests;
			productName = BitsoChallengeTests;
			productReference = 38C385E32B71CE6E008DF5B0 /* BitsoChallengeTests.xctest */;
			productType = "com.apple.product-type.bundle.unit-test";
		};
		38C385EC2B71CE6E008DF5B0 /* BitsoChallengeUITests */ = {
			isa = PBXNativeTarget;
			buildConfigurationList = 38C385FD2B71CE6E008DF5B0 /* Build configuration list for PBXNativeTarget "BitsoChallengeUITests" */;
			buildPhases = (
				38C385E92B71CE6E008DF5B0 /* Sources */,
				38C385EA2B71CE6E008DF5B0 /* Frameworks */,
				38C385EB2B71CE6E008DF5B0 /* Resources */,
			);
			buildRules = (
			);
			dependencies = (
				38C385EF2B71CE6E008DF5B0 /* PBXTargetDependency */,
			);
			name = BitsoChallengeUITests;
			productName = BitsoChallengeUITests;
			productReference = 38C385ED2B71CE6E008DF5B0 /* BitsoChallengeUITests.xctest */;
			productType = "com.apple.product-type.bundle.ui-testing";
		};
/* End PBXNativeTarget section */

/* Begin PBXProject section */
		38C385C92B71CE6C008DF5B0 /* Project object */ = {
			isa = PBXProject;
			attributes = {
				BuildIndependentTargetsInParallel = 1;
				LastSwiftUpdateCheck = 1510;
				LastUpgradeCheck = 1510;
				TargetAttributes = {
					38C385D02B71CE6C008DF5B0 = {
						CreatedOnToolsVersion = 15.1;
					};
					38C385E22B71CE6E008DF5B0 = {
						CreatedOnToolsVersion = 15.1;
						TestTargetID = 38C385D02B71CE6C008DF5B0;
					};
					38C385EC2B71CE6E008DF5B0 = {
						CreatedOnToolsVersion = 15.1;
						TestTargetID = 38C385D02B71CE6C008DF5B0;
					};
				};
			};
			buildConfigurationList = 38C385CC2B71CE6C008DF5B0 /* Build configuration list for PBXProject "BitsoChallenge" */;
			compatibilityVersion = "Xcode 14.0";
			developmentRegion = en;
			hasScannedForEncodings = 0;
			knownRegions = (
				en,
				Base,
			);
			mainGroup = 38C385C82B71CE6C008DF5B0;
			productRefGroup = 38C385D22B71CE6C008DF5B0 /* Products */;
			projectDirPath = "";
			projectRoot = "";
			targets = (
				38C385D02B71CE6C008DF5B0 /* BitsoChallenge */,
				38C385E22B71CE6E008DF5B0 /* BitsoChallengeTests */,
				38C385EC2B71CE6E008DF5B0 /* BitsoChallengeUITests */,
			);
		};
/* End PBXProject section */

/* Begin PBXResourcesBuildPhase section */
		38C385CF2B71CE6C008DF5B0 /* Resources */ = {
			isa = PBXResourcesBuildPhase;
			buildActionMask = 2147483647;
			files = (
				38C385DE2B71CE6E008DF5B0 /* Preview Assets.xcassets in Resources */,
				38C385DB2B71CE6E008DF5B0 /* Assets.xcassets in Resources */,
			);
			runOnlyForDeploymentPostprocessing = 0;
		};
		38C385E12B71CE6E008DF5B0 /* Resources */ = {
			isa = PBXResourcesBuildPhase;
			buildActionMask = 2147483647;
			files = (
			);
			runOnlyForDeploymentPostprocessing = 0;
		};
		38C385EB2B71CE6E008DF5B0 /* Resources */ = {
			isa = PBXResourcesBuildPhase;
			buildActionMask = 2147483647;
			files = (
			);
			runOnlyForDeploymentPostprocessing = 0;
		};
/* End PBXResourcesBuildPhase section */

/* Begin PBXSourcesBuildPhase section */
		38C385CD2B71CE6C008DF5B0 /* Sources */ = {
			isa = PBXSourcesBuildPhase;
			buildActionMask = 2147483647;
			files = (
				38C385D72B71CE6C008DF5B0 /* ContentView.swift in Sources */,
				38C385D92B71CE6C008DF5B0 /* Item.swift in Sources */,
				38C385D52B71CE6C008DF5B0 /* BitsoChallengeApp.swift in Sources */,
			);
			runOnlyForDeploymentPostprocessing = 0;
		};
		38C385DF2B71CE6E008DF5B0 /* Sources */ = {
			isa = PBXSourcesBuildPhase;
			buildActionMask = 2147483647;
			files = (
				38C385E82B71CE6E008DF5B0 /* BitsoChallengeTests.swift in Sources */,
			);
			runOnlyForDeploymentPostprocessing = 0;
		};
		38C385E92B71CE6E008DF5B0 /* Sources */ = {
			isa = PBXSourcesBuildPhase;
			buildActionMask = 2147483647;
			files = (
				38C385F42B71CE6E008DF5B0 /* BitsoChallengeUITestsLaunchTests.swift in Sources */,
				38C385F22B71CE6E008DF5B0 /* BitsoChallengeUITests.swift in Sources */,
			);
			runOnlyForDeploymentPostprocessing = 0;
		};
/* End PBXSourcesBuildPhase section */

/* Begin PBXTargetDependency section */
		38C385E52B71CE6E008DF5B0 /* PBXTargetDependency */ = {
			isa = PBXTargetDependency;
			target = 38C385D02B71CE6C008DF5B0 /* BitsoChallenge */;
			targetProxy = 38C385E42B71CE6E008DF5B0 /* PBXContainerItemProxy */;
		};
		38C385EF2B71CE6E008DF5B0 /* PBXTargetDependency */ = {
			isa = PBXTargetDependency;
			target = 38C385D02B71CE6C008DF5B0 /* BitsoChallenge */;
			targetProxy = 38C385EE2B71CE6E008DF5B0 /* PBXContainerItemProxy */;
		};
/* End PBXTargetDependency section */

/* Begin XCBuildConfiguration section */
		38C385F52B71CE6E008DF5B0 /* Debug */ = {
			isa = XCBuildConfiguration;
			buildSettings = {
				ALWAYS_SEARCH_USER_PATHS = NO;
				ASSETCATALOG_COMPILER_GENERATE_SWIFT_ASSET_SYMBOL_EXTENSIONS = YES;
				CLANG_ANALYZER_NONNULL = YES;
				CLANG_ANALYZER_NUMBER_OBJECT_CONVERSION = YES_AGGRESSIVE;
				CLANG_CXX_LANGUAGE_STANDARD = "gnu++20";
				CLANG_ENABLE_MODULES = YES;
				CLANG_ENABLE_OBJC_ARC = YES;
				CLANG_ENABLE_OBJC_WEAK = YES;
				CLANG_WARN_BLOCK_CAPTURE_AUTORELEASING = YES;
				CLANG_WARN_BOOL_CONVERSION = YES;
				CLANG_WARN_COMMA = YES;
				CLANG_WARN_CONSTANT_CONVERSION = YES;
				CLANG_WARN_DEPRECATED_OBJC_IMPLEMENTATIONS = YES;
				CLANG_WARN_DIRECT_OBJC_ISA_USAGE = YES_ERROR;
				CLANG_WARN_DOCUMENTATION_COMMENTS = YES;
				CLANG_WARN_EMPTY_BODY = YES;
				CLANG_WARN_ENUM_CONVERSION = YES;
				CLANG_WARN_INFINITE_RECURSION = YES;
				CLANG_WARN_INT_CONVERSION = YES;
				CLANG_WARN_NON_LITERAL_NULL_CONVERSION = YES;
				CLANG_WARN_OBJC_IMPLICIT_RETAIN_SELF = YES;
				CLANG_WARN_OBJC_LITERAL_CONVERSION = YES;
				CLANG_WARN_OBJC_ROOT_CLASS = YES_ERROR;
				CLANG_WARN_QUOTED_INCLUDE_IN_FRAMEWORK_HEADER = YES;
				CLANG_WARN_RANGE_LOOP_ANALYSIS = YES;
				CLANG_WARN_STRICT_PROTOTYPES = YES;
				CLANG_WARN_SUSPICIOUS_MOVE = YES;
				CLANG_WARN_UNGUARDED_AVAILABILITY = YES_AGGRESSIVE;
				CLANG_WARN_UNREACHABLE_CODE = YES;
				CLANG_WARN__DUPLICATE_METHOD_MATCH = YES;
				COPY_PHASE_STRIP = NO;
				DEBUG_INFORMATION_FORMAT = dwarf;
				ENABLE_STRICT_OBJC_MSGSEND = YES;
				ENABLE_TESTABILITY = YES;
				ENABLE_USER_SCRIPT_SANDBOXING = YES;
				GCC_C_LANGUAGE_STANDARD = gnu17;
				GCC_DYNAMIC_NO_PIC = NO;
				GCC_NO_COMMON_BLOCKS = YES;
				GCC_OPTIMIZATION_LEVEL = 0;
				GCC_PREPROCESSOR_DEFINITIONS = (
					"DEBUG=1",
					"$(inherited)",
				);
				GCC_WARN_64_TO_32_BIT_CONVERSION = YES;
				GCC_WARN_ABOUT_RETURN_TYPE = YES_ERROR;
				GCC_WARN_UNDECLARED_SELECTOR = YES;
				GCC_WARN_UNINITIALIZED_AUTOS = YES_AGGRESSIVE;
				GCC_WARN_UNUSED_FUNCTION = YES;
				GCC_WARN_UNUSED_VARIABLE = YES;
				IPHONEOS_DEPLOYMENT_TARGET = 17.2;
				LOCALIZATION_PREFERS_STRING_CATALOGS = YES;
				MTL_ENABLE_DEBUG_INFO = INCLUDE_SOURCE;
				MTL_FAST_MATH = YES;
				ONLY_ACTIVE_ARCH = YES;
				SDKROOT = iphoneos;
				SWIFT_ACTIVE_COMPILATION_CONDITIONS = "DEBUG $(inherited)";
				SWIFT_OPTIMIZATION_LEVEL = "-Onone";
			};
			name = Debug;
		};
		38C385F62B71CE6E008DF5B0 /* Release */ = {
			isa = XCBuildConfiguration;
			buildSettings = {
				ALWAYS_SEARCH_USER_PATHS = NO;
				ASSETCATALOG_COMPILER_GENERATE_SWIFT_ASSET_SYMBOL_EXTENSIONS = YES;
				CLANG_ANALYZER_NONNULL = YES;
				CLANG_ANALYZER_NUMBER_OBJECT_CONVERSION = YES_AGGRESSIVE;
				CLANG_CXX_LANGUAGE_STANDARD = "gnu++20";
				CLANG_ENABLE_MODULES = YES;
				CLANG_ENABLE_OBJC_ARC = YES;
				CLANG_ENABLE_OBJC_WEAK = YES;
				CLANG_WARN_BLOCK_CAPTURE_AUTORELEASING = YES;
				CLANG_WARN_BOOL_CONVERSION = YES;
				CLANG_WARN_COMMA = YES;
				CLANG_WARN_CONSTANT_CONVERSION = YES;
				CLANG_WARN_DEPRECATED_OBJC_IMPLEMENTATIONS = YES;
				CLANG_WARN_DIRECT_OBJC_ISA_USAGE = YES_ERROR;
				CLANG_WARN_DOCUMENTATION_COMMENTS = YES;
				CLANG_WARN_EMPTY_BODY = YES;
				CLANG_WARN_ENUM_CONVERSION = YES;
				CLANG_WARN_INFINITE_RECURSION = YES;
				CLANG_WARN_INT_CONVERSION = YES;
				CLANG_WARN_NON_LITERAL_NULL_CONVERSION = YES;
				CLANG_WARN_OBJC_IMPLICIT_RETAIN_SELF = YES;
				CLANG_WARN_OBJC_LITERAL_CONVERSION = YES;
				CLANG_WARN_OBJC_ROOT_CLASS = YES_ERROR;
				CLANG_WARN_QUOTED_INCLUDE_IN_FRAMEWORK_HEADER = YES;
				CLANG_WARN_RANGE_LOOP_ANALYSIS = YES;
				CLANG_WARN_STRICT_PROTOTYPES = YES;
				CLANG_WARN_SUSPICIOUS_MOVE = YES;
				CLANG_WARN_UNGUARDED_AVAILABILITY = YES_AGGRESSIVE;
				CLANG_WARN_UNREACHABLE_CODE = YES;
				CLANG_WARN__DUPLICATE_METHOD_MATCH = YES;
				COPY_PHASE_STRIP = NO;
				DEBUG_INFORMATION_FORMAT = "dwarf-with-dsym";
				ENABLE_NS_ASSERTIONS = NO;
				ENABLE_STRICT_OBJC_MSGSEND = YES;
				ENABLE_USER_SCRIPT_SANDBOXING = YES;
				GCC_C_LANGUAGE_STANDARD = gnu17;
				GCC_NO_COMMON_BLOCKS = YES;
				GCC_WARN_64_TO_32_BIT_CONVERSION = YES;
				GCC_WARN_ABOUT_RETURN_TYPE = YES_ERROR;
				GCC_WARN_UNDECLARED_SELECTOR = YES;
				GCC_WARN_UNINITIALIZED_AUTOS = YES_AGGRESSIVE;
				GCC_WARN_UNUSED_FUNCTION = YES;
				GCC_WARN_UNUSED_VARIABLE = YES;
				IPHONEOS_DEPLOYMENT_TARGET = 17.2;
				LOCALIZATION_PREFERS_STRING_CATALOGS = YES;
				MTL_ENABLE_DEBUG_INFO = NO;
				MTL_FAST_MATH = YES;
				SDKROOT = iphoneos;
				SWIFT_COMPILATION_MODE = wholemodule;
				VALIDATE_PRODUCT = YES;
			};
			name = Release;
		};
		38C385F82B71CE6E008DF5B0 /* Debug */ = {
			isa = XCBuildConfiguration;
			buildSettings = {
				ASSETCATALOG_COMPILER_APPICON_NAME = AppIcon;
				ASSETCATALOG_COMPILER_GLOBAL_ACCENT_COLOR_NAME = AccentColor;
				CODE_SIGN_STYLE = Automatic;
				CURRENT_PROJECT_VERSION = 1;
				DEVELOPMENT_ASSET_PATHS = "\"BitsoChallenge/Preview Content\"";
				DEVELOPMENT_TEAM = 8P47JR3FHB;
				ENABLE_PREVIEWS = YES;
				GENERATE_INFOPLIST_FILE = YES;
				INFOPLIST_KEY_UIApplicationSceneManifest_Generation = YES;
				INFOPLIST_KEY_UIApplicationSupportsIndirectInputEvents = YES;
				INFOPLIST_KEY_UILaunchScreen_Generation = YES;
				INFOPLIST_KEY_UISupportedInterfaceOrientations_iPad = "UIInterfaceOrientationPortrait UIInterfaceOrientationPortraitUpsideDown UIInterfaceOrientationLandscapeLeft UIInterfaceOrientationLandscapeRight";
				INFOPLIST_KEY_UISupportedInterfaceOrientations_iPhone = "UIInterfaceOrientationPortrait UIInterfaceOrientationLandscapeLeft UIInterfaceOrientationLandscapeRight";
				LD_RUNPATH_SEARCH_PATHS = (
					"$(inherited)",
					"@executable_path/Frameworks",
				);
				MARKETING_VERSION = 1.0;
				PRODUCT_BUNDLE_IDENTIFIER = vicentesiis.BitsoChallenge;
				PRODUCT_NAME = "$(TARGET_NAME)";
				SWIFT_EMIT_LOC_STRINGS = YES;
				SWIFT_VERSION = 5.0;
				TARGETED_DEVICE_FAMILY = "1,2";
			};
			name = Debug;
		};
		38C385F92B71CE6E008DF5B0 /* Release */ = {
			isa = XCBuildConfiguration;
			buildSettings = {
				ASSETCATALOG_COMPILER_APPICON_NAME = AppIcon;
				ASSETCATALOG_COMPILER_GLOBAL_ACCENT_COLOR_NAME = AccentColor;
				CODE_SIGN_STYLE = Automatic;
				CURRENT_PROJECT_VERSION = 1;
				DEVELOPMENT_ASSET_PATHS = "\"BitsoChallenge/Preview Content\"";
				DEVELOPMENT_TEAM = 8P47JR3FHB;
				ENABLE_PREVIEWS = YES;
				GENERATE_INFOPLIST_FILE = YES;
				INFOPLIST_KEY_UIApplicationSceneManifest_Generation = YES;
				INFOPLIST_KEY_UIApplicationSupportsIndirectInputEvents = YES;
				INFOPLIST_KEY_UILaunchScreen_Generation = YES;
				INFOPLIST_KEY_UISupportedInterfaceOrientations_iPad = "UIInterfaceOrientationPortrait UIInterfaceOrientationPortraitUpsideDown UIInterfaceOrientationLandscapeLeft UIInterfaceOrientationLandscapeRight";
				INFOPLIST_KEY_UISupportedInterfaceOrientations_iPhone = "UIInterfaceOrientationPortrait UIInterfaceOrientationLandscapeLeft UIInterfaceOrientationLandscapeRight";
				LD_RUNPATH_SEARCH_PATHS = (
					"$(inherited)",
					"@executable_path/Frameworks",
				);
				MARKETING_VERSION = 1.0;
				PRODUCT_BUNDLE_IDENTIFIER = vicentesiis.BitsoChallenge;
				PRODUCT_NAME = "$(TARGET_NAME)";
				SWIFT_EMIT_LOC_STRINGS = YES;
				SWIFT_VERSION = 5.0;
				TARGETED_DEVICE_FAMILY = "1,2";
			};
			name = Release;
		};
		38C385FB2B71CE6E008DF5B0 /* Debug */ = {
			isa = XCBuildConfiguration;
			buildSettings = {
				ALWAYS_EMBED_SWIFT_STANDARD_LIBRARIES = YES;
				BUNDLE_LOADER = "$(TEST_HOST)";
				CODE_SIGN_STYLE = Automatic;
				CURRENT_PROJECT_VERSION = 1;
				DEVELOPMENT_TEAM = 8P47JR3FHB;
				GENERATE_INFOPLIST_FILE = YES;
				IPHONEOS_DEPLOYMENT_TARGET = 17.2;
				MARKETING_VERSION = 1.0;
				PRODUCT_BUNDLE_IDENTIFIER = vicentesiis.BitsoChallengeTests;
				PRODUCT_NAME = "$(TARGET_NAME)";
				SWIFT_EMIT_LOC_STRINGS = NO;
				SWIFT_VERSION = 5.0;
				TARGETED_DEVICE_FAMILY = "1,2";
				TEST_HOST = "$(BUILT_PRODUCTS_DIR)/BitsoChallenge.app/$(BUNDLE_EXECUTABLE_FOLDER_PATH)/BitsoChallenge";
			};
			name = Debug;
		};
		38C385FC2B71CE6E008DF5B0 /* Release */ = {
			isa = XCBuildConfiguration;
			buildSettings = {
				ALWAYS_EMBED_SWIFT_STANDARD_LIBRARIES = YES;
				BUNDLE_LOADER = "$(TEST_HOST)";
				CODE_SIGN_STYLE = Automatic;
				CURRENT_PROJECT_VERSION = 1;
				DEVELOPMENT_TEAM = 8P47JR3FHB;
				GENERATE_INFOPLIST_FILE = YES;
				IPHONEOS_DEPLOYMENT_TARGET = 17.2;
				MARKETING_VERSION = 1.0;
				PRODUCT_BUNDLE_IDENTIFIER = vicentesiis.BitsoChallengeTests;
				PRODUCT_NAME = "$(TARGET_NAME)";
				SWIFT_EMIT_LOC_STRINGS = NO;
				SWIFT_VERSION = 5.0;
				TARGETED_DEVICE_FAMILY = "1,2";
				TEST_HOST = "$(BUILT_PRODUCTS_DIR)/BitsoChallenge.app/$(BUNDLE_EXECUTABLE_FOLDER_PATH)/BitsoChallenge";
			};
			name = Release;
		};
		38C385FE2B71CE6E008DF5B0 /* Debug */ = {
			isa = XCBuildConfiguration;
			buildSettings = {
				ALWAYS_EMBED_SWIFT_STANDARD_LIBRARIES = YES;
				CODE_SIGN_STYLE = Automatic;
				CURRENT_PROJECT_VERSION = 1;
				DEVELOPMENT_TEAM = 8P47JR3FHB;
				GENERATE_INFOPLIST_FILE = YES;
				MARKETING_VERSION = 1.0;
				PRODUCT_BUNDLE_IDENTIFIER = vicentesiis.BitsoChallengeUITests;
				PRODUCT_NAME = "$(TARGET_NAME)";
				SWIFT_EMIT_LOC_STRINGS = NO;
				SWIFT_VERSION = 5.0;
				TARGETED_DEVICE_FAMILY = "1,2";
				TEST_TARGET_NAME = BitsoChallenge;
			};
			name = Debug;
		};
		38C385FF2B71CE6E008DF5B0 /* Release */ = {
			isa = XCBuildConfiguration;
			buildSettings = {
				ALWAYS_EMBED_SWIFT_STANDARD_LIBRARIES = YES;
				CODE_SIGN_STYLE = Automatic;
				CURRENT_PROJECT_VERSION = 1;
				DEVELOPMENT_TEAM = 8P47JR3FHB;
				GENERATE_INFOPLIST_FILE = YES;
				MARKETING_VERSION = 1.0;
				PRODUCT_BUNDLE_IDENTIFIER = vicentesiis.BitsoChallengeUITests;
				PRODUCT_NAME = "$(TARGET_NAME)";
				SWIFT_EMIT_LOC_STRINGS = NO;
				SWIFT_VERSION = 5.0;
				TARGETED_DEVICE_FAMILY = "1,2";
				TEST_TARGET_NAME = BitsoChallenge;
			};
			name = Release;
		};
/* End XCBuildConfiguration section */

/* Begin XCConfigurationList section */
		38C385CC2B71CE6C008DF5B0 /* Build configuration list for PBXProject "BitsoChallenge" */ = {
			isa = XCConfigurationList;
			buildConfigurations = (
				38C385F52B71CE6E008DF5B0 /* Debug */,
				38C385F62B71CE6E008DF5B0 /* Release */,
			);
			defaultConfigurationIsVisible = 0;
			defaultConfigurationName = Release;
		};
		38C385F72B71CE6E008DF5B0 /* Build configuration list for PBXNativeTarget "BitsoChallenge" */ = {
			isa = XCConfigurationList;
			buildConfigurations = (
				38C385F82B71CE6E008DF5B0 /* Debug */,
				38C385F92B71CE6E008DF5B0 /* Release */,
			);
			defaultConfigurationIsVisible = 0;
			defaultConfigurationName = Release;
		};
		38C385FA2B71CE6E008DF5B0 /* Build configuration list for PBXNativeTarget "BitsoChallengeTests" */ = {
			isa = XCConfigurationList;
			buildConfigurations = (
				38C385FB2B71CE6E008DF5B0 /* Debug */,
				38C385FC2B71CE6E008DF5B0 /* Release */,
			);
			defaultConfigurationIsVisible = 0;
			defaultConfigurationName = Release;
		};
		38C385FD2B71CE6E008DF5B0 /* Build configuration list for PBXNativeTarget "BitsoChallengeUITests" */ = {
			isa = XCConfigurationList;
			buildConfigurations = (
				38C385FE2B71CE6E008DF5B0 /* Debug */,
				38C385FF2B71CE6E008DF5B0 /* Release */,
			);
			defaultConfigurationIsVisible = 0;
			defaultConfigurationName = Release;
		};
/* End XCConfigurationList section */
	};
	rootObject = 38C385C92B71CE6C008DF5B0 /* Project object */;
}
